
Microsoft Visual Studio Solution File, Format Version 12.00
# Visual Studio Version 17
VisualStudioVersion = 17.14.35821.62
MinimumVisualStudioVersion = 10.0.40219.1
Project("{FAE04EC0-301F-11D3-BF4B-00C04F79EFBC}") = "SmartLeadsPortalDotNetApi", "SmartLeadsPortalDotNetApi\SmartLeadsPortalDotNetApi.csproj", "{B2A8264B-EDEE-4EF8-B12A-0618C1C6EC62}"
EndProject
Project("{2150E333-8FDC-42A3-9474-1A3956D46DE8}") = "WebJobs", "WebJobs", "{66511A95-8CAE-4EE3-B4D1-8B346B5C1C57}"
EndProject
Project("{FAE04EC0-301F-11D3-BF4B-00C04F79EFBC}") = "ImportExportedLeadsFromLeadsPortal", "WebJobs\ImportExportedLeadsFromLeadsPortal\ImportExportedLeadsFromLeadsPortal.csproj", "{B8D6DAF8-7AFD-4C06-A522-FE40ADB1B9E2}"
EndProject
Project("{FAE04EC0-301F-11D3-BF4B-00C04F79EFBC}") = "ImportSmartLeadAllLeads", "WebJobs\ImportSmartLeadAllLeads\ImportSmartLeadAllLeads.csproj", "{1A47BE63-4E4F-4A5B-BC28-0D09E31FFF26}"
EndProject
Project("{FAE04EC0-301F-11D3-BF4B-00C04F79EFBC}") = "SmartLeadMySQLDataTransfer", "WebJobs\SmartLeadMySQLDataTransfer\SmartLeadMySQLDataTransfer.csproj", "{79A74B73-96E3-4337-ADB3-57507FACC781}"
EndProject
Project("{FAE04EC0-301F-11D3-BF4B-00C04F79EFBC}") = "ImportSmartLeadStatistics", "WebJobs\ImportSmartLeadStatistics\ImportSmartLeadStatistics.csproj", "{41A59EAE-B4C6-4820-813F-568E67FB4CA6}"
EndProject
Project("{FAE04EC0-301F-11D3-BF4B-00C04F79EFBC}") = "Common", "WebJobs\Common\Common.csproj", "{B45B25C8-05DB-49AF-B53F-4DD0E057C294}"
EndProject
Project("{FAE04EC0-301F-11D3-BF4B-00C04F79EFBC}") = "ImportSmartleadEmailHistory", "WebJobs\ImportSmartleadEmailHistory\ImportSmartleadEmailHistory.csproj", "{03BC268A-E4D9-1BBA-043D-FB782E2006C0}"
EndProject
Project("{FAE04EC0-301F-11D3-BF4B-00C04F79EFBC}") = "ImportSmartleadAllCampaigns", "WebJobs\ImportSmartleadAllCampaigns\ImportSmartleadAllCampaigns.csproj", "{523D2633-8496-C447-BBB5-139D01E8CE05}"
EndProject
Project("{FAE04EC0-301F-11D3-BF4B-00C04F79EFBC}") = "ReprocessEmailSentWebhook", "WebJobs\ReprocessEmailSentWebhook\ReprocessEmailSentWebhook.csproj", "{381CA127-FE9A-E7F0-7866-BA9FAD373A72}"
EndProject
Project("{FAE04EC0-301F-11D3-BF4B-00C04F79EFBC}") = "ReprocessEmailSequenceWebhooks", "WebJobs\ReprocessEmailSequenceWebhooks\ReprocessEmailSequenceWebhooks.csproj", "{B0344224-8E8F-60A2-2477-B9E275CACBC9}"
EndProject
Project("{FAE04EC0-301F-11D3-BF4B-00C04F79EFBC}") = "ReprocessEmailStatistics", "WebJobs\ReprocessEmailStatistics\ReprocessEmailStatistics.csproj", "{7D99DC00-1EBF-5938-F6A6-1B1A93371801}"
EndProject
Project("{FAE04EC0-301F-11D3-BF4B-00C04F79EFBC}") = "ReprocessLeadCategoryUpdated", "WebJobs\ReprocessLeadCategoryUpdated\ReprocessLeadCategoryUpdated.csproj", "{FA1D13A3-68B8-1638-81B3-89127A291178}"
EndProject
Project("{FAE04EC0-301F-11D3-BF4B-00C04F79EFBC}") = "ReprocessBdrAssignment", "WebJobs\ReprocessBdrAssignment\ReprocessBdrAssignment.csproj", "{8285E4E3-E165-4828-B9F4-407FF72C178C}"
EndProject
Project("{FAE04EC0-301F-11D3-BF4B-00C04F79EFBC}") = "ReprocessSmartleadsFullName", "WebJobs\ReprocessSmartleadsFullName\ReprocessSmartleadsFullName.csproj", "{03C6B27A-FD00-4444-8A7C-D06F685A8E76}"
EndProject
Global
	GlobalSection(SolutionConfigurationPlatforms) = preSolution
		Debug|Any CPU = Debug|Any CPU
		Release|Any CPU = Release|Any CPU
	EndGlobalSection
	GlobalSection(ProjectConfigurationPlatforms) = postSolution
		{B2A8264B-EDEE-4EF8-B12A-0618C1C6EC62}.Debug|Any CPU.ActiveCfg = Debug|Any CPU
		{B2A8264B-EDEE-4EF8-B12A-0618C1C6EC62}.Debug|Any CPU.Build.0 = Debug|Any CPU
		{B2A8264B-EDEE-4EF8-B12A-0618C1C6EC62}.Release|Any CPU.ActiveCfg = Release|Any CPU
		{B2A8264B-EDEE-4EF8-B12A-0618C1C6EC62}.Release|Any CPU.Build.0 = Release|Any CPU
		{B8D6DAF8-7AFD-4C06-A522-FE40ADB1B9E2}.Debug|Any CPU.ActiveCfg = Debug|Any CPU
		{B8D6DAF8-7AFD-4C06-A522-FE40ADB1B9E2}.Debug|Any CPU.Build.0 = Debug|Any CPU
		{B8D6DAF8-7AFD-4C06-A522-FE40ADB1B9E2}.Release|Any CPU.ActiveCfg = Release|Any CPU
		{B8D6DAF8-7AFD-4C06-A522-FE40ADB1B9E2}.Release|Any CPU.Build.0 = Release|Any CPU
		{1A47BE63-4E4F-4A5B-BC28-0D09E31FFF26}.Debug|Any CPU.ActiveCfg = Debug|Any CPU
		{1A47BE63-4E4F-4A5B-BC28-0D09E31FFF26}.Debug|Any CPU.Build.0 = Debug|Any CPU
		{1A47BE63-4E4F-4A5B-BC28-0D09E31FFF26}.Release|Any CPU.ActiveCfg = Release|Any CPU
		{1A47BE63-4E4F-4A5B-BC28-0D09E31FFF26}.Release|Any CPU.Build.0 = Release|Any CPU
		{79A74B73-96E3-4337-ADB3-57507FACC781}.Debug|Any CPU.ActiveCfg = Debug|Any CPU
		{79A74B73-96E3-4337-ADB3-57507FACC781}.Debug|Any CPU.Build.0 = Debug|Any CPU
		{79A74B73-96E3-4337-ADB3-57507FACC781}.Release|Any CPU.ActiveCfg = Release|Any CPU
		{79A74B73-96E3-4337-ADB3-57507FACC781}.Release|Any CPU.Build.0 = Release|Any CPU
		{41A59EAE-B4C6-4820-813F-568E67FB4CA6}.Debug|Any CPU.ActiveCfg = Debug|Any CPU
		{41A59EAE-B4C6-4820-813F-568E67FB4CA6}.Debug|Any CPU.Build.0 = Debug|Any CPU
		{41A59EAE-B4C6-4820-813F-568E67FB4CA6}.Release|Any CPU.ActiveCfg = Release|Any CPU
		{41A59EAE-B4C6-4820-813F-568E67FB4CA6}.Release|Any CPU.Build.0 = Release|Any CPU
		{B45B25C8-05DB-49AF-B53F-4DD0E057C294}.Debug|Any CPU.ActiveCfg = Debug|Any CPU
		{B45B25C8-05DB-49AF-B53F-4DD0E057C294}.Debug|Any CPU.Build.0 = Debug|Any CPU
		{B45B25C8-05DB-49AF-B53F-4DD0E057C294}.Release|Any CPU.ActiveCfg = Release|Any CPU
		{B45B25C8-05DB-49AF-B53F-4DD0E057C294}.Release|Any CPU.Build.0 = Release|Any CPU
		{03BC268A-E4D9-1BBA-043D-FB782E2006C0}.Debug|Any CPU.ActiveCfg = Debug|Any CPU
		{03BC268A-E4D9-1BBA-043D-FB782E2006C0}.Debug|Any CPU.Build.0 = Debug|Any CPU
		{03BC268A-E4D9-1BBA-043D-FB782E2006C0}.Release|Any CPU.ActiveCfg = Release|Any CPU
		{03BC268A-E4D9-1BBA-043D-FB782E2006C0}.Release|Any CPU.Build.0 = Release|Any CPU
		{523D2633-8496-C447-BBB5-139D01E8CE05}.Debug|Any CPU.ActiveCfg = Debug|Any CPU
		{523D2633-8496-C447-BBB5-139D01E8CE05}.Debug|Any CPU.Build.0 = Debug|Any CPU
		{523D2633-8496-C447-BBB5-139D01E8CE05}.Release|Any CPU.ActiveCfg = Release|Any CPU
		{523D2633-8496-C447-BBB5-139D01E8CE05}.Release|Any CPU.Build.0 = Release|Any CPU
		{381CA127-FE9A-E7F0-7866-BA9FAD373A72}.Debug|Any CPU.ActiveCfg = Debug|Any CPU
		{381CA127-FE9A-E7F0-7866-BA9FAD373A72}.Debug|Any CPU.Build.0 = Debug|Any CPU
		{381CA127-FE9A-E7F0-7866-BA9FAD373A72}.Release|Any CPU.ActiveCfg = Release|Any CPU
		{381CA127-FE9A-E7F0-7866-BA9FAD373A72}.Release|Any CPU.Build.0 = Release|Any CPU
		{B0344224-8E8F-60A2-2477-B9E275CACBC9}.Debug|Any CPU.ActiveCfg = Debug|Any CPU
		{B0344224-8E8F-60A2-2477-B9E275CACBC9}.Debug|Any CPU.Build.0 = Debug|Any CPU
		{B0344224-8E8F-60A2-2477-B9E275CACBC9}.Release|Any CPU.ActiveCfg = Release|Any CPU
		{B0344224-8E8F-60A2-2477-B9E275CACBC9}.Release|Any CPU.Build.0 = Release|Any CPU
		{7D99DC00-1EBF-5938-F6A6-1B1A93371801}.Debug|Any CPU.ActiveCfg = Debug|Any CPU
		{7D99DC00-1EBF-5938-F6A6-1B1A93371801}.Debug|Any CPU.Build.0 = Debug|Any CPU
		{7D99DC00-1EBF-5938-F6A6-1B1A93371801}.Release|Any CPU.ActiveCfg = Release|Any CPU
		{7D99DC00-1EBF-5938-F6A6-1B1A93371801}.Release|Any CPU.Build.0 = Release|Any CPU
		{FA1D13A3-68B8-1638-81B3-89127A291178}.Debug|Any CPU.ActiveCfg = Debug|Any CPU
		{FA1D13A3-68B8-1638-81B3-89127A291178}.Debug|Any CPU.Build.0 = Debug|Any CPU
		{FA1D13A3-68B8-1638-81B3-89127A291178}.Release|Any CPU.ActiveCfg = Release|Any CPU
		{FA1D13A3-68B8-1638-81B3-89127A291178}.Release|Any CPU.Build.0 = Release|Any CPU
		{8285E4E3-E165-4828-B9F4-407FF72C178C}.Debug|Any CPU.ActiveCfg = Debug|Any CPU
		{8285E4E3-E165-4828-B9F4-407FF72C178C}.Debug|Any CPU.Build.0 = Debug|Any CPU
		{8285E4E3-E165-4828-B9F4-407FF72C178C}.Release|Any CPU.ActiveCfg = Release|Any CPU
		{8285E4E3-E165-4828-B9F4-407FF72C178C}.Release|Any CPU.Build.0 = Release|Any CPU
		{03C6B27A-FD00-4444-8A7C-D06F685A8E76}.Debug|Any CPU.ActiveCfg = Debug|Any CPU
		{03C6B27A-FD00-4444-8A7C-D06F685A8E76}.Debug|Any CPU.Build.0 = Debug|Any CPU
		{03C6B27A-FD00-4444-8A7C-D06F685A8E76}.Release|Any CPU.ActiveCfg = Release|Any CPU
		{03C6B27A-FD00-4444-8A7C-D06F685A8E76}.Release|Any CPU.Build.0 = Release|Any CPU
	EndGlobalSection
	GlobalSection(SolutionProperties) = preSolution
		HideSolutionNode = FALSE
	EndGlobalSection
	GlobalSection(NestedProjects) = preSolution
		{B8D6DAF8-7AFD-4C06-A522-FE40ADB1B9E2} = {66511A95-8CAE-4EE3-B4D1-8B346B5C1C57}
		{1A47BE63-4E4F-4A5B-BC28-0D09E31FFF26} = {66511A95-8CAE-4EE3-B4D1-8B346B5C1C57}
		{79A74B73-96E3-4337-ADB3-57507FACC781} = {66511A95-8CAE-4EE3-B4D1-8B346B5C1C57}
		{41A59EAE-B4C6-4820-813F-568E67FB4CA6} = {66511A95-8CAE-4EE3-B4D1-8B346B5C1C57}
		{B45B25C8-05DB-49AF-B53F-4DD0E057C294} = {66511A95-8CAE-4EE3-B4D1-8B346B5C1C57}
		{03BC268A-E4D9-1BBA-043D-FB782E2006C0} = {66511A95-8CAE-4EE3-B4D1-8B346B5C1C57}
		{523D2633-8496-C447-BBB5-139D01E8CE05} = {66511A95-8CAE-4EE3-B4D1-8B346B5C1C57}
		{381CA127-FE9A-E7F0-7866-BA9FAD373A72} = {66511A95-8CAE-4EE3-B4D1-8B346B5C1C57}
		{B0344224-8E8F-60A2-2477-B9E275CACBC9} = {66511A95-8CAE-4EE3-B4D1-8B346B5C1C57}
		{7D99DC00-1EBF-5938-F6A6-1B1A93371801} = {66511A95-8CAE-4EE3-B4D1-8B346B5C1C57}
		{FA1D13A3-68B8-1638-81B3-89127A291178} = {66511A95-8CAE-4EE3-B4D1-8B346B5C1C57}
		{8285E4E3-E165-4828-B9F4-407FF72C178C} = {66511A95-8CAE-4EE3-B4D1-8B346B5C1C57}
		{03C6B27A-FD00-4444-8A7C-D06F685A8E76} = {66511A95-8CAE-4EE3-B4D1-8B346B5C1C57}
	EndGlobalSection
	GlobalSection(ExtensibilityGlobals) = postSolution
		SolutionGuid = {EF9ABDCB-4807-4550-85D8-F879B2DDCBCB}
	EndGlobalSection
EndGlobal
